
Microsoft Visual Studio Solution File, Format Version 12.00
# Visual Studio Version 16
VisualStudioVersion = 16.0.29519.87
MinimumVisualStudioVersion = 10.0.40219.1
Project("{FAE04EC0-301F-11D3-BF4B-00C04F79EFBC}") = "WpfApp1", "WpfApp1\WpfApp1.csproj", "{FDAD22C7-CF69-4659-B905-D8AC91D30895}"
EndProject
Global
	GlobalSection(SolutionConfigurationPlatforms) = preSolution
		Debug|Any CPU = Debug|Any CPU
		Release|Any CPU = Release|Any CPU
	EndGlobalSection
	GlobalSection(ProjectConfigurationPlatforms) = postSolution
		{FDAD22C7-CF69-4659-B905-D8AC91D30895}.Debug|Any CPU.ActiveCfg = Debug|Any CPU
		{FDAD22C7-CF69-4659-B905-D8AC91D30895}.Debug|Any CPU.Build.0 = Debug|Any CPU
		{FDAD22C7-CF69-4659-B905-D8AC91D30895}.Release|Any CPU.ActiveCfg = Release|Any CPU
		{FDAD22C7-CF69-4659-B905-D8AC91D30895}.Release|Any CPU.Build.0 = Release|Any CPU
	EndGlobalSection
	GlobalSection(SolutionProperties) = preSolution
		HideSolutionNode = FALSE
	EndGlobalSection
	GlobalSection(ExtensibilityGlobals) = postSolution
		SolutionGuid = {D93D488D-940C-4379-BE5E-40F5E71E7BFF}
	EndGlobalSection
EndGlobal
